
Microsoft Visual Studio Solution File, Format Version 12.00
# Visual Studio Version 16
VisualStudioVersion = 16.0.32002.261
MinimumVisualStudioVersion = 10.0.40219.1
Project("{FAE04EC0-301F-11D3-BF4B-00C04F79EFBC}") = "Textbook Project", "Textbook Project\Textbook Project.csproj", "{60CEA9F4-D3B2-49A7-AA12-EBCF4D55B769}"
EndProject
Global
	GlobalSection(SolutionConfigurationPlatforms) = preSolution
		Debug|Any CPU = Debug|Any CPU
		Release|Any CPU = Release|Any CPU
	EndGlobalSection
	GlobalSection(ProjectConfigurationPlatforms) = postSolution
		{60CEA9F4-D3B2-49A7-AA12-EBCF4D55B769}.Debug|Any CPU.ActiveCfg = Debug|Any CPU
		{60CEA9F4-D3B2-49A7-AA12-EBCF4D55B769}.Debug|Any CPU.Build.0 = Debug|Any CPU
		{60CEA9F4-D3B2-49A7-AA12-EBCF4D55B769}.Release|Any CPU.ActiveCfg = Release|Any CPU
		{60CEA9F4-D3B2-49A7-AA12-EBCF4D55B769}.Release|Any CPU.Build.0 = Release|Any CPU
	EndGlobalSection
	GlobalSection(SolutionProperties) = preSolution
		HideSolutionNode = FALSE
	EndGlobalSection
	GlobalSection(ExtensibilityGlobals) = postSolution
		SolutionGuid = {235CFD99-B205-42B2-B630-7127CD5F8B59}
	EndGlobalSection
EndGlobal
